// !$*UTF8*$!
{
	archiveVersion = 1;
	classes = {
	};
	objectVersion = 48;
	objects = {

/* Begin PBXBuildFile section */
		181E0ED5200C871700E88C6D /* AppDelegate.swift in Sources */ = {isa = PBXBuildFile; fileRef = 181E0ED4200C871700E88C6D /* AppDelegate.swift */; };
		181E0ED7200C871700E88C6D /* ViewController.swift in Sources */ = {isa = PBXBuildFile; fileRef = 181E0ED6200C871700E88C6D /* ViewController.swift */; };
		181E0EDA200C871700E88C6D /* Main.storyboard in Resources */ = {isa = PBXBuildFile; fileRef = 181E0ED8200C871700E88C6D /* Main.storyboard */; };
		181E0EDC200C871700E88C6D /* Assets.xcassets in Resources */ = {isa = PBXBuildFile; fileRef = 181E0EDB200C871700E88C6D /* Assets.xcassets */; };
		181E0EDF200C871700E88C6D /* LaunchScreen.storyboard in Resources */ = {isa = PBXBuildFile; fileRef = 181E0EDD200C871700E88C6D /* LaunchScreen.storyboard */; };
		181E0EE7200C88B700E88C6D /* StoriesCell.swift in Sources */ = {isa = PBXBuildFile; fileRef = 181E0EE6200C88B700E88C6D /* StoriesCell.swift */; };
/* End PBXBuildFile section */

/* Begin PBXFileReference section */
		181E0ED1200C871700E88C6D /* RearrangeCollectionViews.app */ = {isa = PBXFileReference; explicitFileType = wrapper.application; includeInIndex = 0; path = RearrangeCollectionViews.app; sourceTree = BUILT_PRODUCTS_DIR; };
		181E0ED4200C871700E88C6D /* AppDelegate.swift */ = {isa = PBXFileReference; lastKnownFileType = sourcecode.swift; path = AppDelegate.swift; sourceTree = "<group>"; };
		181E0ED6200C871700E88C6D /* ViewController.swift */ = {isa = PBXFileReference; lastKnownFileType = sourcecode.swift; path = ViewController.swift; sourceTree = "<group>"; };
		181E0ED9200C871700E88C6D /* Base */ = {isa = PBXFileReference; lastKnownFileType = file.storyboard; name = Base; path = Base.lproj/Main.storyboard; sourceTree = "<group>"; };
		181E0EDB200C871700E88C6D /* Assets.xcassets */ = {isa = PBXFileReference; lastKnownFileType = folder.assetcatalog; path = Assets.xcassets; sourceTree = "<group>"; };
		181E0EDE200C871700E88C6D /* Base */ = {isa = PBXFileReference; lastKnownFileType = file.storyboard; name = Base; path = Base.lproj/LaunchScreen.storyboard; sourceTree = "<group>"; };
		181E0EE0200C871700E88C6D /* Info.plist */ = {isa = PBXFileReference; lastKnownFileType = text.plist.xml; path = Info.plist; sourceTree = "<group>"; };
		181E0EE6200C88B700E88C6D /* StoriesCell.swift */ = {isa = PBXFileReference; lastKnownFileType = sourcecode.swift; path = StoriesCell.swift; sourceTree = "<group>"; };
/* End PBXFileReference section */

/* Begin PBXFrameworksBuildPhase section */
		181E0ECE200C871700E88C6D /* Frameworks */ = {
			isa = PBXFrameworksBuildPhase;
			buildActionMask = 2147483647;
			files = (
			);
			runOnlyForDeploymentPostprocessing = 0;
		};
/* End PBXFrameworksBuildPhase section */

/* Begin PBXGroup section */
		181E0EC8200C871700E88C6D = {
			isa = PBXGroup;
			children = (
				181E0ED3200C871700E88C6D /* RearrangeCollectionViews */,
				181E0ED2200C871700E88C6D /* Products */,
			);
			sourceTree = "<group>";
		};
		181E0ED2200C871700E88C6D /* Products */ = {
			isa = PBXGroup;
			children = (
				181E0ED1200C871700E88C6D /* RearrangeCollectionViews.app */,
			);
			name = Products;
			sourceTree = "<group>";
		};
		181E0ED3200C871700E88C6D /* RearrangeCollectionViews */ = {
			isa = PBXGroup;
			children = (
				181E0ED4200C871700E88C6D /* AppDelegate.swift */,
				181E0ED6200C871700E88C6D /* ViewController.swift */,
				181E0EE6200C88B700E88C6D /* StoriesCell.swift */,
				181E0ED8200C871700E88C6D /* Main.storyboard */,
				181E0EDB200C871700E88C6D /* Assets.xcassets */,
				181E0EDD200C871700E88C6D /* LaunchScreen.storyboard */,
				181E0EE0200C871700E88C6D /* Info.plist */,
			);
			path = RearrangeCollectionViews;
			sourceTree = "<group>";
		};
/* End PBXGroup section */

/* Begin PBXNativeTarget section */
		181E0ED0200C871700E88C6D /* RearrangeCollectionViews */ = {
			isa = PBXNativeTarget;
			buildConfigurationList = 181E0EE3200C871700E88C6D /* Build configuration list for PBXNativeTarget "RearrangeCollectionViews" */;
			buildPhases = (
				181E0ECD200C871700E88C6D /* Sources */,
				181E0ECE200C871700E88C6D /* Frameworks */,
				181E0ECF200C871700E88C6D /* Resources */,
			);
			buildRules = (
			);
			dependencies = (
			);
			name = RearrangeCollectionViews;
			productName = RearrangeCollectionViews;
			productReference = 181E0ED1200C871700E88C6D /* RearrangeCollectionViews.app */;
			productType = "com.apple.product-type.application";
		};
/* End PBXNativeTarget section */

/* Begin PBXProject section */
		181E0EC9200C871700E88C6D /* Project object */ = {
			isa = PBXProject;
			attributes = {
				LastSwiftUpdateCheck = 0920;
				LastUpgradeCheck = 0920;
				ORGANIZATIONNAME = WowDreamapps;
				TargetAttributes = {
					181E0ED0200C871700E88C6D = {
						CreatedOnToolsVersion = 9.2;
						ProvisioningStyle = Automatic;
					};
				};
			};
			buildConfigurationList = 181E0ECC200C871700E88C6D /* Build configuration list for PBXProject "RearrangeCollectionViews" */;
			compatibilityVersion = "Xcode 8.0";
			developmentRegion = en;
			hasScannedForEncodings = 0;
			knownRegions = (
				en,
				Base,
			);
			mainGroup = 181E0EC8200C871700E88C6D;
			productRefGroup = 181E0ED2200C871700E88C6D /* Products */;
			projectDirPath = "";
			projectRoot = "";
			targets = (
				181E0ED0200C871700E88C6D /* RearrangeCollectionViews */,
			);
		};
/* End PBXProject section */

/* Begin PBXResourcesBuildPhase section */
		181E0ECF200C871700E88C6D /* Resources */ = {
			isa = PBXResourcesBuildPhase;
			buildActionMask = 2147483647;
			files = (
				181E0EDF200C871700E88C6D /* LaunchScreen.storyboard in Resources */,
				181E0EDC200C871700E88C6D /* Assets.xcassets in Resources */,
				181E0EDA200C871700E88C6D /* Main.storyboard in Resources */,
			);
			runOnlyForDeploymentPostprocessing = 0;
		};
/* End PBXResourcesBuildPhase section */

/* Begin PBXSourcesBuildPhase section */
		181E0ECD200C871700E88C6D /* Sources */ = {
			isa = PBXSourcesBuildPhase;
			buildActionMask = 2147483647;
			files = (
				181E0ED7200C871700E88C6D /* ViewController.swift in Sources */,
				181E0EE7200C88B700E88C6D /* StoriesCell.swift in Sources */,
				181E0ED5200C871700E88C6D /* AppDelegate.swift in Sources */,
			);
			runOnlyForDeploymentPostprocessing = 0;
		};
/* End PBXSourcesBuildPhase section */

/* Begin PBXVariantGroup section */
		181E0ED8200C871700E88C6D /* Main.storyboard */ = {
			isa = PBXVariantGroup;
			children = (
				181E0ED9200C871700E88C6D /* Base */,
			);
			name = Main.storyboard;
			sourceTree = "<group>";
		};
		181E0EDD200C871700E88C6D /* LaunchScreen.storyboard */ = {
			isa = PBXVariantGroup;
			children = (
				181E0EDE200C871700E88C6D /* Base */,
			);
			name = LaunchScreen.storyboard;
			sourceTree = "<group>";
		};
/* End PBXVariantGroup section */

/* Begin XCBuildConfiguration section */
		181E0EE1200C871700E88C6D /* Debug */ = {
			isa = XCBuildConfiguration;
			buildSettings = {
				ALWAYS_SEARCH_USER_PATHS = NO;
				CLANG_ANALYZER_NONNULL = YES;
				CLANG_ANALYZER_NUMBER_OBJECT_CONVERSION = YES_AGGRESSIVE;
				CLANG_CXX_LANGUAGE_STANDARD = "gnu++14";
				CLANG_CXX_LIBRARY = "libc++";
				CLANG_ENABLE_MODULES = YES;
				CLANG_ENABLE_OBJC_ARC = YES;
				CLANG_WARN_BLOCK_CAPTURE_AUTORELEASING = YES;
				CLANG_WARN_BOOL_CONVERSION = YES;
				CLANG_WARN_COMMA = YES;
				CLANG_WARN_CONSTANT_CONVERSION = YES;
				CLANG_WARN_DIRECT_OBJC_ISA_USAGE = YES_ERROR;
				CLANG_WARN_DOCUMENTATION_COMMENTS = YES;
				CLANG_WARN_EMPTY_BODY = YES;
				CLANG_WARN_ENUM_CONVERSION = YES;
				CLANG_WARN_INFINITE_RECURSION = YES;
				CLANG_WARN_INT_CONVERSION = YES;
				CLANG_WARN_NON_LITERAL_NULL_CONVERSION = YES;
				CLANG_WARN_OBJC_LITERAL_CONVERSION = YES;
				CLANG_WARN_OBJC_ROOT_CLASS = YES_ERROR;
				CLANG_WARN_RANGE_LOOP_ANALYSIS = YES;
				CLANG_WARN_STRICT_PROTOTYPES = YES;
				CLANG_WARN_SUSPICIOUS_MOVE = YES;
				CLANG_WARN_UNGUARDED_AVAILABILITY = YES_AGGRESSIVE;
				CLANG_WARN_UNREACHABLE_CODE = YES;
				CLANG_WARN__DUPLICATE_METHOD_MATCH = YES;
				CODE_SIGN_IDENTITY = "iPhone Developer";
				COPY_PHASE_STRIP = NO;
				DEBUG_INFORMATION_FORMAT = dwarf;
				ENABLE_STRICT_OBJC_MSGSEND = YES;
				ENABLE_TESTABILITY = YES;
				GCC_C_LANGUAGE_STANDARD = gnu11;
				GCC_DYNAMIC_NO_PIC = NO;
				GCC_NO_COMMON_BLOCKS = YES;
				GCC_OPTIMIZATION_LEVEL = 0;
				GCC_PREPROCESSOR_DEFINITIONS = (
					"DEBUG=1",
					"$(inherited)",
				);
				GCC_WARN_64_TO_32_BIT_CONVERSION = YES;
				GCC_WARN_ABOUT_RETURN_TYPE = YES_ERROR;
				GCC_WARN_UNDECLARED_SELECTOR = YES;
				GCC_WARN_UNINITIALIZED_AUTOS = YES_AGGRESSIVE;
				GCC_WARN_UNUSED_FUNCTION = YES;
				GCC_WARN_UNUSED_VARIABLE = YES;
				IPHONEOS_DEPLOYMENT_TARGET = 11.2;
				MTL_ENABLE_DEBUG_INFO = YES;
				ONLY_ACTIVE_ARCH = YES;
				SDKROOT = iphoneos;
				SWIFT_ACTIVE_COMPILATION_CONDITIONS = DEBUG;
				SWIFT_OPTIMIZATION_LEVEL = "-Onone";
			};
			name = Debug;
		};
		181E0EE2200C871700E88C6D /* Release */ = {
			isa = XCBuildConfiguration;
			buildSettings = {
				ALWAYS_SEARCH_USER_PATHS = NO;
				CLANG_ANALYZER_NONNULL = YES;
				CLANG_ANALYZER_NUMBER_OBJECT_CONVERSION = YES_AGGRESSIVE;
				CLANG_CXX_LANGUAGE_STANDARD = "gnu++14";
				CLANG_CXX_LIBRARY = "libc++";
				CLANG_ENABLE_MODULES = YES;
				CLANG_ENABLE_OBJC_ARC = YES;
				CLANG_WARN_BLOCK_CAPTURE_AUTORELEASING = YES;
				CLANG_WARN_BOOL_CONVERSION = YES;
				CLANG_WARN_COMMA = YES;
				CLANG_WARN_CONSTANT_CONVERSION = YES;
				CLANG_WARN_DIRECT_OBJC_ISA_USAGE = YES_ERROR;
				CLANG_WARN_DOCUMENTATION_COMMENTS = YES;
				CLANG_WARN_EMPTY_BODY = YES;
				CLANG_WARN_ENUM_CONVERSION = YES;
				CLANG_WARN_INFINITE_RECURSION = YES;
				CLANG_WARN_INT_CONVERSION = YES;
				CLANG_WARN_NON_LITERAL_NULL_CONVERSION = YES;
				CLANG_WARN_OBJC_LITERAL_CONVERSION = YES;
				CLANG_WARN_OBJC_ROOT_CLASS = YES_ERROR;
				CLANG_WARN_RANGE_LOOP_ANALYSIS = YES;
				CLANG_WARN_STRICT_PROTOTYPES = YES;
				CLANG_WARN_SUSPICIOUS_MOVE = YES;
				CLANG_WARN_UNGUARDED_AVAILABILITY = YES_AGGRESSIVE;
				CLANG_WARN_UNREACHABLE_CODE = YES;
				CLANG_WARN__DUPLICATE_METHOD_MATCH = YES;
				CODE_SIGN_IDENTITY = "iPhone Developer";
				COPY_PHASE_STRIP = NO;
				DEBUG_INFORMATION_FORMAT = "dwarf-with-dsym";
				ENABLE_NS_ASSERTIONS = NO;
				ENABLE_STRICT_OBJC_MSGSEND = YES;
				GCC_C_LANGUAGE_STANDARD = gnu11;
				GCC_NO_COMMON_BLOCKS = YES;
				GCC_WARN_64_TO_32_BIT_CONVERSION = YES;
				GCC_WARN_ABOUT_RETURN_TYPE = YES_ERROR;
				GCC_WARN_UNDECLARED_SELECTOR = YES;
				GCC_WARN_UNINITIALIZED_AUTOS = YES_AGGRESSIVE;
				GCC_WARN_UNUSED_FUNCTION = YES;
				GCC_WARN_UNUSED_VARIABLE = YES;
				IPHONEOS_DEPLOYMENT_TARGET = 11.2;
				MTL_ENABLE_DEBUG_INFO = NO;
				SDKROOT = iphoneos;
				SWIFT_OPTIMIZATION_LEVEL = "-Owholemodule";
				VALIDATE_PRODUCT = YES;
			};
			name = Release;
		};
		181E0EE4200C871700E88C6D /* Debug */ = {
			isa = XCBuildConfiguration;
			buildSettings = {
				ASSETCATALOG_COMPILER_APPICON_NAME = AppIcon;
				CODE_SIGN_STYLE = Automatic;
				DEVELOPMENT_TEAM = 5Q83Y4W332;
				INFOPLIST_FILE = RearrangeCollectionViews/Info.plist;
				LD_RUNPATH_SEARCH_PATHS = "$(inherited) @executable_path/Frameworks";
				PRODUCT_BUNDLE_IDENTIFIER = com.WowDreamapps.RearrangeCollectionViews;
				PRODUCT_NAME = "$(TARGET_NAME)";
				SWIFT_VERSION = 4.0;
				TARGETED_DEVICE_FAMILY = "1,2";
			};
			name = Debug;
		};
		181E0EE5200C871700E88C6D /* Release */ = {
			isa = XCBuildConfiguration;
			buildSettings = {
				ASSETCATALOG_COMPILER_APPICON_NAME = AppIcon;
				CODE_SIGN_STYLE = Automatic;
				DEVELOPMENT_TEAM = 5Q83Y4W332;
				INFOPLIST_FILE = RearrangeCollectionViews/Info.plist;
				LD_RUNPATH_SEARCH_PATHS = "$(inherited) @executable_path/Frameworks";
				PRODUCT_BUNDLE_IDENTIFIER = com.WowDreamapps.RearrangeCollectionViews;
				PRODUCT_NAME = "$(TARGET_NAME)";
				SWIFT_VERSION = 4.0;
				TARGETED_DEVICE_FAMILY = "1,2";
			};
			name = Release;
		};
/* End XCBuildConfiguration section */

/* Begin XCConfigurationList section */
		181E0ECC200C871700E88C6D /* Build configuration list for PBXProject "RearrangeCollectionViews" */ = {
			isa = XCConfigurationList;
			buildConfigurations = (
				181E0EE1200C871700E88C6D /* Debug */,
				181E0EE2200C871700E88C6D /* Release */,
			);
			defaultConfigurationIsVisible = 0;
			defaultConfigurationName = Release;
		};
		181E0EE3200C871700E88C6D /* Build configuration list for PBXNativeTarget "RearrangeCollectionViews" */ = {
			isa = XCConfigurationList;
			buildConfigurations = (
				181E0EE4200C871700E88C6D /* Debug */,
				181E0EE5200C871700E88C6D /* Release */,
			);
			defaultConfigurationIsVisible = 0;
			defaultConfigurationName = Release;
		};
/* End XCConfigurationList section */
	};
	rootObject = 181E0EC9200C871700E88C6D /* Project object */;
}
